
Microsoft Visual Studio Solution File, Format Version 12.00
# Visual Studio 15
VisualStudioVersion = 15.0.27004.2009
MinimumVisualStudioVersion = 10.0.40219.1
Project("{FAE04EC0-301F-11D3-BF4B-00C04F79EFBC}") = "ConsoleApp2", "ConsoleApp2\ConsoleApp2.csproj", "{C4D188EE-0BFE-4BA0-894A-01551E57ED7B}"
EndProject
Project("{FAE04EC0-301F-11D3-BF4B-00C04F79EFBC}") = "Pokemon", "Pokemon\Pokemon.csproj", "{A53D5F5F-7F66-49B0-B772-AA167356DE70}"
EndProject
Global
	GlobalSection(SolutionConfigurationPlatforms) = preSolution
		Debug|Any CPU = Debug|Any CPU
		Release|Any CPU = Release|Any CPU
	EndGlobalSection
	GlobalSection(ProjectConfigurationPlatforms) = postSolution
		{C4D188EE-0BFE-4BA0-894A-01551E57ED7B}.Debug|Any CPU.ActiveCfg = Debug|Any CPU
		{C4D188EE-0BFE-4BA0-894A-01551E57ED7B}.Debug|Any CPU.Build.0 = Debug|Any CPU
		{C4D188EE-0BFE-4BA0-894A-01551E57ED7B}.Release|Any CPU.ActiveCfg = Release|Any CPU
		{C4D188EE-0BFE-4BA0-894A-01551E57ED7B}.Release|Any CPU.Build.0 = Release|Any CPU
		{A53D5F5F-7F66-49B0-B772-AA167356DE70}.Debug|Any CPU.ActiveCfg = Debug|Any CPU
		{A53D5F5F-7F66-49B0-B772-AA167356DE70}.Debug|Any CPU.Build.0 = Debug|Any CPU
		{A53D5F5F-7F66-49B0-B772-AA167356DE70}.Release|Any CPU.ActiveCfg = Release|Any CPU
		{A53D5F5F-7F66-49B0-B772-AA167356DE70}.Release|Any CPU.Build.0 = Release|Any CPU
	EndGlobalSection
	GlobalSection(SolutionProperties) = preSolution
		HideSolutionNode = FALSE
	EndGlobalSection
	GlobalSection(ExtensibilityGlobals) = postSolution
		SolutionGuid = {884D88FA-537F-4FAB-9ABE-C488CDF2C17C}
	EndGlobalSection
EndGlobal
